
Microsoft Visual Studio Solution File, Format Version 12.00
# Visual Studio Version 17
VisualStudioVersion = 17.10.34928.147
MinimumVisualStudioVersion = 10.0.40219.1
Project("{FAE04EC0-301F-11D3-BF4B-00C04F79EFBC}") = "EntityFramework-ManyToMany", "EntityFramework-ManyToMany\EntityFramework-ManyToMany.csproj", "{AD2F56BF-2049-40D3-9D1B-2B4860F6DFF0}"
EndProject
Global
	GlobalSection(SolutionConfigurationPlatforms) = preSolution
		Debug|Any CPU = Debug|Any CPU
		Release|Any CPU = Release|Any CPU
	EndGlobalSection
	GlobalSection(ProjectConfigurationPlatforms) = postSolution
		{AD2F56BF-2049-40D3-9D1B-2B4860F6DFF0}.Debug|Any CPU.ActiveCfg = Debug|Any CPU
		{AD2F56BF-2049-40D3-9D1B-2B4860F6DFF0}.Debug|Any CPU.Build.0 = Debug|Any CPU
		{AD2F56BF-2049-40D3-9D1B-2B4860F6DFF0}.Release|Any CPU.ActiveCfg = Release|Any CPU
		{AD2F56BF-2049-40D3-9D1B-2B4860F6DFF0}.Release|Any CPU.Build.0 = Release|Any CPU
	EndGlobalSection
	GlobalSection(SolutionProperties) = preSolution
		HideSolutionNode = FALSE
	EndGlobalSection
	GlobalSection(ExtensibilityGlobals) = postSolution
		SolutionGuid = {3FD76FE2-D928-4D82-B7FC-0FA2DE3483D5}
	EndGlobalSection
EndGlobal
