
Microsoft Visual Studio Solution File, Format Version 12.00
# Visual Studio Version 17
VisualStudioVersion = 17.11.35219.272
MinimumVisualStudioVersion = 10.0.40219.1
Project("{FAE04EC0-301F-11D3-BF4B-00C04F79EFBC}") = "API_INTRO", "API_INTRO\API_INTRO.csproj", "{0B318341-5F36-4FB1-92E9-278F44A66BAD}"
EndProject
Global
	GlobalSection(SolutionConfigurationPlatforms) = preSolution
		Debug|Any CPU = Debug|Any CPU
		Release|Any CPU = Release|Any CPU
	EndGlobalSection
	GlobalSection(ProjectConfigurationPlatforms) = postSolution
		{0B318341-5F36-4FB1-92E9-278F44A66BAD}.Debug|Any CPU.ActiveCfg = Debug|Any CPU
		{0B318341-5F36-4FB1-92E9-278F44A66BAD}.Debug|Any CPU.Build.0 = Debug|Any CPU
		{0B318341-5F36-4FB1-92E9-278F44A66BAD}.Release|Any CPU.ActiveCfg = Release|Any CPU
		{0B318341-5F36-4FB1-92E9-278F44A66BAD}.Release|Any CPU.Build.0 = Release|Any CPU
	EndGlobalSection
	GlobalSection(SolutionProperties) = preSolution
		HideSolutionNode = FALSE
	EndGlobalSection
	GlobalSection(ExtensibilityGlobals) = postSolution
		SolutionGuid = {3F3FAD13-4F41-4669-A64F-D58D0995BDAA}
	EndGlobalSection
EndGlobal
